
Microsoft Visual Studio Solution File, Format Version 12.00
# Visual Studio Version 17
VisualStudioVersion = 17.5.33414.496
MinimumVisualStudioVersion = 10.0.40219.1
Project("{FAE04EC0-301F-11D3-BF4B-00C04F79EFBC}") = "ghinelli.johan.4h.persone", "ghinelli.johan.4h.persone\ghinelli.johan.4h.persone.csproj", "{F7B4E16D-B135-475B-B082-01065B4C407D}"
EndProject
Global
	GlobalSection(SolutionConfigurationPlatforms) = preSolution
		Debug|Any CPU = Debug|Any CPU
		Release|Any CPU = Release|Any CPU
	EndGlobalSection
	GlobalSection(ProjectConfigurationPlatforms) = postSolution
		{F7B4E16D-B135-475B-B082-01065B4C407D}.Debug|Any CPU.ActiveCfg = Debug|Any CPU
		{F7B4E16D-B135-475B-B082-01065B4C407D}.Debug|Any CPU.Build.0 = Debug|Any CPU
		{F7B4E16D-B135-475B-B082-01065B4C407D}.Release|Any CPU.ActiveCfg = Release|Any CPU
		{F7B4E16D-B135-475B-B082-01065B4C407D}.Release|Any CPU.Build.0 = Release|Any CPU
	EndGlobalSection
	GlobalSection(SolutionProperties) = preSolution
		HideSolutionNode = FALSE
	EndGlobalSection
	GlobalSection(ExtensibilityGlobals) = postSolution
		SolutionGuid = {13B60038-F482-451A-86E1-84514E9DED0A}
	EndGlobalSection
EndGlobal
